
Microsoft Visual Studio Solution File, Format Version 12.00
# Visual Studio Version 17
VisualStudioVersion = 17.14.36518.9
MinimumVisualStudioVersion = 10.0.40219.1
Project("{FAE04EC0-301F-11D3-BF4B-00C04F79EFBC}") = "Driving-License-Management-APIs", "Driving-License-Management-Backend\Driving-License-Management-APIs.csproj", "{7EA85110-D763-4E67-809F-E87119B48C69}"
EndProject
Project("{FAE04EC0-301F-11D3-BF4B-00C04F79EFBC}") = "Driving-License-Management-DataAccessLayer", "Driving-License-Management-DataAccessLayer\Driving-License-Management-DataAccessLayer.csproj", "{0D809E05-5564-4235-92A3-C00BC6D0F432}"
EndProject
Project("{FAE04EC0-301F-11D3-BF4B-00C04F79EFBC}") = "Driving-License-Management-BusinessLogicLayer", "Driving-License-Management-BusinessLogicLayer\Driving-License-Management-BusinessLogicLayer.csproj", "{2E16CE24-6AAD-4E26-95E2-316F288A24E4}"
EndProject
Project("{FAE04EC0-301F-11D3-BF4B-00C04F79EFBC}") = "TestConsole", "TestConsole\TestConsole.csproj", "{7570A589-4F5C-405A-9623-F2402484E389}"
EndProject
Project("{FAE04EC0-301F-11D3-BF4B-00C04F79EFBC}") = "UnitTests", "UnitTests\UnitTests.csproj", "{C52883D6-9D7D-4CF2-99EE-2216B534D64F}"
EndProject
Global
	GlobalSection(SolutionConfigurationPlatforms) = preSolution
		Debug|Any CPU = Debug|Any CPU
		Release|Any CPU = Release|Any CPU
	EndGlobalSection
	GlobalSection(ProjectConfigurationPlatforms) = postSolution
		{7EA85110-D763-4E67-809F-E87119B48C69}.Debug|Any CPU.ActiveCfg = Debug|Any CPU
		{7EA85110-D763-4E67-809F-E87119B48C69}.Debug|Any CPU.Build.0 = Debug|Any CPU
		{7EA85110-D763-4E67-809F-E87119B48C69}.Release|Any CPU.ActiveCfg = Release|Any CPU
		{7EA85110-D763-4E67-809F-E87119B48C69}.Release|Any CPU.Build.0 = Release|Any CPU
		{0D809E05-5564-4235-92A3-C00BC6D0F432}.Debug|Any CPU.ActiveCfg = Debug|Any CPU
		{0D809E05-5564-4235-92A3-C00BC6D0F432}.Debug|Any CPU.Build.0 = Debug|Any CPU
		{0D809E05-5564-4235-92A3-C00BC6D0F432}.Release|Any CPU.ActiveCfg = Release|Any CPU
		{0D809E05-5564-4235-92A3-C00BC6D0F432}.Release|Any CPU.Build.0 = Release|Any CPU
		{2E16CE24-6AAD-4E26-95E2-316F288A24E4}.Debug|Any CPU.ActiveCfg = Debug|Any CPU
		{2E16CE24-6AAD-4E26-95E2-316F288A24E4}.Debug|Any CPU.Build.0 = Debug|Any CPU
		{2E16CE24-6AAD-4E26-95E2-316F288A24E4}.Release|Any CPU.ActiveCfg = Release|Any CPU
		{2E16CE24-6AAD-4E26-95E2-316F288A24E4}.Release|Any CPU.Build.0 = Release|Any CPU
		{7570A589-4F5C-405A-9623-F2402484E389}.Debug|Any CPU.ActiveCfg = Debug|Any CPU
		{7570A589-4F5C-405A-9623-F2402484E389}.Debug|Any CPU.Build.0 = Debug|Any CPU
		{7570A589-4F5C-405A-9623-F2402484E389}.Release|Any CPU.ActiveCfg = Release|Any CPU
		{7570A589-4F5C-405A-9623-F2402484E389}.Release|Any CPU.Build.0 = Release|Any CPU
		{C52883D6-9D7D-4CF2-99EE-2216B534D64F}.Debug|Any CPU.ActiveCfg = Debug|Any CPU
		{C52883D6-9D7D-4CF2-99EE-2216B534D64F}.Debug|Any CPU.Build.0 = Debug|Any CPU
		{C52883D6-9D7D-4CF2-99EE-2216B534D64F}.Release|Any CPU.ActiveCfg = Release|Any CPU
		{C52883D6-9D7D-4CF2-99EE-2216B534D64F}.Release|Any CPU.Build.0 = Release|Any CPU
	EndGlobalSection
	GlobalSection(SolutionProperties) = preSolution
		HideSolutionNode = FALSE
	EndGlobalSection
	GlobalSection(ExtensibilityGlobals) = postSolution
		SolutionGuid = {1F1E6BCA-8676-45F1-B2CE-E87E88FC41D3}
	EndGlobalSection
EndGlobal
